github.com/phayes/freeport v0.0.0-20220201140144-74d24b5ae9f5 h1:Ii+DKncOVM8Cu1Hc+ETb5K+23HdAMvESYE3ZJ5b5cMI=
github.com/phayes/freeport v0.0.0-20220201140144-74d24b5ae9f5/go.mod h1:iIss55rKnNBTvrwdmkUpLnDpZoAHvWaiq5+iMmen4AE=
github.com/webview/webview v0.0.0-20220816141928-2ee04ccd0530 h1:diPvLFzNaRG1c1Qh8s8jWQt/+l8HQs9iQgHvAV4N8q8=
github.com/webview/webview v0.0.0-20220816141928-2ee04ccd0530/go.mod h1:rpXAuuHgyEJb6kXcXldlkOjU6y4x+YcASKKXJNUhh0Y=
